// !$*UTF8*$!
{
	archiveVersion = 1;
	classes = {
	};
	objectVersion = 51;
	objects = {

/* Begin PBXBuildFile section */
		1FBB531822F82A0A0010EC5C /* FBSDKCoreKit.framework in Frameworks */ = {isa = PBXBuildFile; fileRef = 1FBB531722F82A0A0010EC5C /* FBSDKCoreKit.framework */; };
		1FBB531A22F82A100010EC5C /* FBSDKLoginKit.framework in Frameworks */ = {isa = PBXBuildFile; fileRef = 1FBB531922F82A100010EC5C /* FBSDKLoginKit.framework */; };
		1FD474392302AFD10016DD84 /* HistroryTableViewCell.swift in Sources */ = {isa = PBXBuildFile; fileRef = 1FD474382302AFD10016DD84 /* HistroryTableViewCell.swift */; };
		1FD4743B2302C3030016DD84 /* UpcomingTableViewCell.swift in Sources */ = {isa = PBXBuildFile; fileRef = 1FD4743A2302C3030016DD84 /* UpcomingTableViewCell.swift */; };
		1FDAC5D622FEA21400CD7DBB /* Restaurant.storyboard in Resources */ = {isa = PBXBuildFile; fileRef = 1FDAC5D522FEA21400CD7DBB /* Restaurant.storyboard */; };
		1FDAC5D922FEA6A900CD7DBB /* RestaurantListSegmnetPagerVC.swift in Sources */ = {isa = PBXBuildFile; fileRef = 1FDAC5D822FEA6A900CD7DBB /* RestaurantListSegmnetPagerVC.swift */; };
		1FDAC5DB22FEA6DC00CD7DBB /* HistoryListVC.swift in Sources */ = {isa = PBXBuildFile; fileRef = 1FDAC5DA22FEA6DC00CD7DBB /* HistoryListVC.swift */; };
		1FDAC5DD22FEA6F000CD7DBB /* UpcomingListVC.swift in Sources */ = {isa = PBXBuildFile; fileRef = 1FDAC5DC22FEA6F000CD7DBB /* UpcomingListVC.swift */; };
		6A30EF8D227E57AF00874830 /* GoogleService-Info.plist in Resources */ = {isa = PBXBuildFile; fileRef = 6A30EF8C227E57AF00874830 /* GoogleService-Info.plist */; };
		6A595B97227BB80D004BD03C /* GenerateViewController.swift in Sources */ = {isa = PBXBuildFile; fileRef = 6A595B96227BB80D004BD03C /* GenerateViewController.swift */; };
		6A595B9A227BB8B8004BD03C /* LoginViewController.swift in Sources */ = {isa = PBXBuildFile; fileRef = 6A595B99227BB8B8004BD03C /* LoginViewController.swift */; };
		6A595B9C227BB8C7004BD03C /* RegistrationViewController.swift in Sources */ = {isa = PBXBuildFile; fileRef = 6A595B9B227BB8C7004BD03C /* RegistrationViewController.swift */; };
		6AC5E2BE22764BD8001210B8 /* AppDelegate.swift in Sources */ = {isa = PBXBuildFile; fileRef = 6AC5E2BD22764BD8001210B8 /* AppDelegate.swift */; };
		6AC5E2C022764BD8001210B8 /* MainScreenController.swift in Sources */ = {isa = PBXBuildFile; fileRef = 6AC5E2BF22764BD8001210B8 /* MainScreenController.swift */; };
		6AC5E2C322764BD8001210B8 /* Main.storyboard in Resources */ = {isa = PBXBuildFile; fileRef = 6AC5E2C122764BD8001210B8 /* Main.storyboard */; };
		6AC5E2C622764BD8001210B8 /* Ouro_iOSApplication_v1.xcdatamodeld in Sources */ = {isa = PBXBuildFile; fileRef = 6AC5E2C422764BD8001210B8 /* Ouro_iOSApplication_v1.xcdatamodeld */; };
		6AC5E2C822764BDA001210B8 /* Assets.xcassets in Resources */ = {isa = PBXBuildFile; fileRef = 6AC5E2C722764BDA001210B8 /* Assets.xcassets */; };
		6AC5E2CB22764BDA001210B8 /* LaunchScreen.storyboard in Resources */ = {isa = PBXBuildFile; fileRef = 6AC5E2C922764BDA001210B8 /* LaunchScreen.storyboard */; };
		6AD8A3D622766C6800947D14 /* popUpGroupSelection.swift in Sources */ = {isa = PBXBuildFile; fileRef = 6AD8A3D522766C6800947D14 /* popUpGroupSelection.swift */; };
		6AD8A3DA227676DF00947D14 /* FriendsCollectionViewCell.swift in Sources */ = {isa = PBXBuildFile; fileRef = 6AD8A3D9227676DF00947D14 /* FriendsCollectionViewCell.swift */; };
		6AD8A3DD2276774A00947D14 /* FriendsSelectionViewController.swift in Sources */ = {isa = PBXBuildFile; fileRef = 6AD8A3DC2276774A00947D14 /* FriendsSelectionViewController.swift */; };
		6AD8A3E42276897E00947D14 /* ParametersViewController.swift in Sources */ = {isa = PBXBuildFile; fileRef = 6AD8A3E32276897E00947D14 /* ParametersViewController.swift */; };
		6AD8A3E722768AEB00947D14 /* PreferencesViewController.swift in Sources */ = {isa = PBXBuildFile; fileRef = 6AD8A3E622768AEB00947D14 /* PreferencesViewController.swift */; };
		6AFE29DF22D0446300C34202 /* ResultsViewController.swift in Sources */ = {isa = PBXBuildFile; fileRef = 6AFE29DE22D0446300C34202 /* ResultsViewController.swift */; };
		6AFE29E322D045B100C34202 /* PendingTableViewController.swift in Sources */ = {isa = PBXBuildFile; fileRef = 6AFE29E222D045B100C34202 /* PendingTableViewController.swift */; };
		EDE68495389D2E1F43A3748C /* Pods_Ouro.framework in Frameworks */ = {isa = PBXBuildFile; fileRef = E965DA1DEBFB9851642E2702 /* Pods_Ouro.framework */; };
/* End PBXBuildFile section */

/* Begin PBXFileReference section */
		1FBB531722F82A0A0010EC5C /* FBSDKCoreKit.framework */ = {isa = PBXFileReference; explicitFileType = wrapper.framework; path = FBSDKCoreKit.framework; sourceTree = BUILT_PRODUCTS_DIR; };
		1FBB531922F82A100010EC5C /* FBSDKLoginKit.framework */ = {isa = PBXFileReference; explicitFileType = wrapper.framework; path = FBSDKLoginKit.framework; sourceTree = BUILT_PRODUCTS_DIR; };
		1FD474382302AFD10016DD84 /* HistroryTableViewCell.swift */ = {isa = PBXFileReference; lastKnownFileType = sourcecode.swift; path = HistroryTableViewCell.swift; sourceTree = "<group>"; };
		1FD4743A2302C3030016DD84 /* UpcomingTableViewCell.swift */ = {isa = PBXFileReference; lastKnownFileType = sourcecode.swift; path = UpcomingTableViewCell.swift; sourceTree = "<group>"; };
		1FDAC5D522FEA21400CD7DBB /* Restaurant.storyboard */ = {isa = PBXFileReference; lastKnownFileType = file.storyboard; path = Restaurant.storyboard; sourceTree = "<group>"; };
		1FDAC5D822FEA6A900CD7DBB /* RestaurantListSegmnetPagerVC.swift */ = {isa = PBXFileReference; lastKnownFileType = sourcecode.swift; path = RestaurantListSegmnetPagerVC.swift; sourceTree = "<group>"; };
		1FDAC5DA22FEA6DC00CD7DBB /* HistoryListVC.swift */ = {isa = PBXFileReference; lastKnownFileType = sourcecode.swift; path = HistoryListVC.swift; sourceTree = "<group>"; };
		1FDAC5DC22FEA6F000CD7DBB /* UpcomingListVC.swift */ = {isa = PBXFileReference; lastKnownFileType = sourcecode.swift; path = UpcomingListVC.swift; sourceTree = "<group>"; };
		26EBE3AD624F7D9D25E6668C /* Pods-Ouro.debug.xcconfig */ = {isa = PBXFileReference; includeInIndex = 1; lastKnownFileType = text.xcconfig; name = "Pods-Ouro.debug.xcconfig"; path = "Target Support Files/Pods-Ouro/Pods-Ouro.debug.xcconfig"; sourceTree = "<group>"; };
		6A30EF8C227E57AF00874830 /* GoogleService-Info.plist */ = {isa = PBXFileReference; fileEncoding = 4; lastKnownFileType = text.plist.xml; path = "GoogleService-Info.plist"; sourceTree = SOURCE_ROOT; };
		6A595B96227BB80D004BD03C /* GenerateViewController.swift */ = {isa = PBXFileReference; lastKnownFileType = sourcecode.swift; path = GenerateViewController.swift; sourceTree = "<group>"; };
		6A595B99227BB8B8004BD03C /* LoginViewController.swift */ = {isa = PBXFileReference; lastKnownFileType = sourcecode.swift; path = LoginViewController.swift; sourceTree = "<group>"; };
		6A595B9B227BB8C7004BD03C /* RegistrationViewController.swift */ = {isa = PBXFileReference; lastKnownFileType = sourcecode.swift; path = RegistrationViewController.swift; sourceTree = "<group>"; };
		6AC5E2BA22764BD8001210B8 /* Ouro.app */ = {isa = PBXFileReference; explicitFileType = wrapper.application; includeInIndex = 0; path = Ouro.app; sourceTree = BUILT_PRODUCTS_DIR; };
		6AC5E2BD22764BD8001210B8 /* AppDelegate.swift */ = {isa = PBXFileReference; lastKnownFileType = sourcecode.swift; path = AppDelegate.swift; sourceTree = "<group>"; };
		6AC5E2BF22764BD8001210B8 /* MainScreenController.swift */ = {isa = PBXFileReference; lastKnownFileType = sourcecode.swift; path = MainScreenController.swift; sourceTree = "<group>"; };
		6AC5E2C222764BD8001210B8 /* Base */ = {isa = PBXFileReference; lastKnownFileType = file.storyboard; name = Base; path = Base.lproj/Main.storyboard; sourceTree = "<group>"; };
		6AC5E2C522764BD8001210B8 /* Ouro_iOSApplication_v1.xcdatamodel */ = {isa = PBXFileReference; lastKnownFileType = wrapper.xcdatamodel; path = Ouro_iOSApplication_v1.xcdatamodel; sourceTree = "<group>"; };
		6AC5E2C722764BDA001210B8 /* Assets.xcassets */ = {isa = PBXFileReference; lastKnownFileType = folder.assetcatalog; path = Assets.xcassets; sourceTree = "<group>"; };
		6AC5E2CA22764BDA001210B8 /* Base */ = {isa = PBXFileReference; lastKnownFileType = file.storyboard; name = Base; path = Base.lproj/LaunchScreen.storyboard; sourceTree = "<group>"; };
		6AC5E2CC22764BDA001210B8 /* Info.plist */ = {isa = PBXFileReference; lastKnownFileType = text.plist.xml; path = Info.plist; sourceTree = "<group>"; };
		6AD8A3D522766C6800947D14 /* popUpGroupSelection.swift */ = {isa = PBXFileReference; lastKnownFileType = sourcecode.swift; path = popUpGroupSelection.swift; sourceTree = "<group>"; };
		6AD8A3D9227676DF00947D14 /* FriendsCollectionViewCell.swift */ = {isa = PBXFileReference; lastKnownFileType = sourcecode.swift; path = FriendsCollectionViewCell.swift; sourceTree = "<group>"; };
		6AD8A3DC2276774A00947D14 /* FriendsSelectionViewController.swift */ = {isa = PBXFileReference; lastKnownFileType = sourcecode.swift; path = FriendsSelectionViewController.swift; sourceTree = "<group>"; };
		6AD8A3E32276897E00947D14 /* ParametersViewController.swift */ = {isa = PBXFileReference; lastKnownFileType = sourcecode.swift; path = ParametersViewController.swift; sourceTree = "<group>"; };
		6AD8A3E622768AEB00947D14 /* PreferencesViewController.swift */ = {isa = PBXFileReference; lastKnownFileType = sourcecode.swift; name = PreferencesViewController.swift; path = Ouro/Controller/Parameters/PreferencesViewController.swift; sourceTree = SOURCE_ROOT; };
		6AFE29DE22D0446300C34202 /* ResultsViewController.swift */ = {isa = PBXFileReference; lastKnownFileType = sourcecode.swift; name = ResultsViewController.swift; path = ../../../ResultsViewController.swift; sourceTree = "<group>"; };
		6AFE29E222D045B100C34202 /* PendingTableViewController.swift */ = {isa = PBXFileReference; fileEncoding = 4; lastKnownFileType = sourcecode.swift; path = PendingTableViewController.swift; sourceTree = "<group>"; };
		E965DA1DEBFB9851642E2702 /* Pods_Ouro.framework */ = {isa = PBXFileReference; explicitFileType = wrapper.framework; includeInIndex = 0; path = Pods_Ouro.framework; sourceTree = BUILT_PRODUCTS_DIR; };
		FE09E1449AD2BECE6FEE100D /* Pods-Ouro.release.xcconfig */ = {isa = PBXFileReference; includeInIndex = 1; lastKnownFileType = text.xcconfig; name = "Pods-Ouro.release.xcconfig"; path = "Target Support Files/Pods-Ouro/Pods-Ouro.release.xcconfig"; sourceTree = "<group>"; };
/* End PBXFileReference section */

/* Begin PBXFrameworksBuildPhase section */
		6AC5E2B722764BD8001210B8 /* Frameworks */ = {
			isa = PBXFrameworksBuildPhase;
			buildActionMask = 2147483647;
			files = (
				1FBB531A22F82A100010EC5C /* FBSDKLoginKit.framework in Frameworks */,
				1FBB531822F82A0A0010EC5C /* FBSDKCoreKit.framework in Frameworks */,
				EDE68495389D2E1F43A3748C /* Pods_Ouro.framework in Frameworks */,
			);
			runOnlyForDeploymentPostprocessing = 0;
		};
/* End PBXFrameworksBuildPhase section */

/* Begin PBXGroup section */
		1FDAC5D722FEA64000CD7DBB /* RestaurantListVc */ = {
			isa = PBXGroup;
			children = (
				1FDAC5DE22FEC2D300CD7DBB /* Table cell */,
				1FDAC5D822FEA6A900CD7DBB /* RestaurantListSegmnetPagerVC.swift */,
				1FDAC5DA22FEA6DC00CD7DBB /* HistoryListVC.swift */,
				1FDAC5DC22FEA6F000CD7DBB /* UpcomingListVC.swift */,
			);
			path = RestaurantListVc;
			sourceTree = "<group>";
		};
		1FDAC5DE22FEC2D300CD7DBB /* Table cell */ = {
			isa = PBXGroup;
			children = (
				1FD474382302AFD10016DD84 /* HistroryTableViewCell.swift */,
				1FD4743A2302C3030016DD84 /* UpcomingTableViewCell.swift */,
			);
			path = "Table cell";
			sourceTree = "<group>";
		};
		6A595B98227BB816004BD03C /* Generate */ = {
			isa = PBXGroup;
			children = (
				6A595B96227BB80D004BD03C /* GenerateViewController.swift */,
				6AFE29DE22D0446300C34202 /* ResultsViewController.swift */,
			);
			path = Generate;
			sourceTree = "<group>";
		};
		6A595B9D227BB8D7004BD03C /* Registration & Login */ = {
			isa = PBXGroup;
			children = (
				6A595B9B227BB8C7004BD03C /* RegistrationViewController.swift */,
				6A595B99227BB8B8004BD03C /* LoginViewController.swift */,
			);
			path = "Registration & Login";
			sourceTree = "<group>";
		};
		6AC5E2B122764BD8001210B8 = {
			isa = PBXGroup;
			children = (
				6AC5E2BC22764BD8001210B8 /* Ouro */,
				6AC5E2BB22764BD8001210B8 /* Products */,
				B42D4C95342368DE9F5B2480 /* Pods */,
				6AFA9C0E227E53D8001D977F /* Supporting FIles */,
				96FBCE03554C20A4AA10CE49 /* Frameworks */,
			);
			sourceTree = "<group>";
		};
		6AC5E2BB22764BD8001210B8 /* Products */ = {
			isa = PBXGroup;
			children = (
				6AC5E2BA22764BD8001210B8 /* Ouro.app */,
			);
			name = Products;
			sourceTree = "<group>";
		};
		6AC5E2BC22764BD8001210B8 /* Ouro */ = {
			isa = PBXGroup;
			children = (
				6AC5E2BD22764BD8001210B8 /* AppDelegate.swift */,
				6AC5E2D222764BEA001210B8 /* Controller */,
				6AC5E2D322764BF7001210B8 /* View */,
				6AC5E2D422764BFF001210B8 /* Model */,
				6AC5E2C422764BD8001210B8 /* Ouro_iOSApplication_v1.xcdatamodeld */,
			);
			path = Ouro;
			sourceTree = "<group>";
		};
		6AC5E2D222764BEA001210B8 /* Controller */ = {
			isa = PBXGroup;
			children = (
				1FDAC5D722FEA64000CD7DBB /* RestaurantListVc */,
				6A595B9D227BB8D7004BD03C /* Registration & Login */,
				6AD8A3E5227689AB00947D14 /* MainScreen */,
				6AD8A3E22276892C00947D14 /* Parameters */,
				6AD8A3DB2276772500947D14 /* FriendsSelection */,
				6A595B98227BB816004BD03C /* Generate */,
				6AFE29DB22D0439900C34202 /* Pending & CheckIn */,
			);
			path = Controller;
			sourceTree = "<group>";
		};
		6AC5E2D322764BF7001210B8 /* View */ = {
			isa = PBXGroup;
			children = (
				6AC5E2C122764BD8001210B8 /* Main.storyboard */,
				1FDAC5D522FEA21400CD7DBB /* Restaurant.storyboard */,
			);
			path = View;
			sourceTree = "<group>";
		};
		6AC5E2D422764BFF001210B8 /* Model */ = {
			isa = PBXGroup;
			children = (
				6AC5E2C922764BDA001210B8 /* LaunchScreen.storyboard */,
				6AC5E2CC22764BDA001210B8 /* Info.plist */,
				6A30EF8C227E57AF00874830 /* GoogleService-Info.plist */,
				6AC5E2C722764BDA001210B8 /* Assets.xcassets */,
			);
			path = Model;
			sourceTree = "<group>";
		};
		6AD8A3DB2276772500947D14 /* FriendsSelection */ = {
			isa = PBXGroup;
			children = (
				6AD8A3D9227676DF00947D14 /* FriendsCollectionViewCell.swift */,
				6AD8A3DC2276774A00947D14 /* FriendsSelectionViewController.swift */,
			);
			path = FriendsSelection;
			sourceTree = "<group>";
		};
		6AD8A3E22276892C00947D14 /* Parameters */ = {
			isa = PBXGroup;
			children = (
				6AD8A3E32276897E00947D14 /* ParametersViewController.swift */,
				6AD8A3E622768AEB00947D14 /* PreferencesViewController.swift */,
			);
			path = Parameters;
			sourceTree = "<group>";
		};
		6AD8A3E5227689AB00947D14 /* MainScreen */ = {
			isa = PBXGroup;
			children = (
				6AC5E2BF22764BD8001210B8 /* MainScreenController.swift */,
				6AD8A3D522766C6800947D14 /* popUpGroupSelection.swift */,
			);
			path = MainScreen;
			sourceTree = "<group>";
		};
		6AFA9C0E227E53D8001D977F /* Supporting FIles */ = {
			isa = PBXGroup;
			children = (
			);
			name = "Supporting FIles";
			sourceTree = "<group>";
		};
		6AFE29DB22D0439900C34202 /* Pending & CheckIn */ = {
			isa = PBXGroup;
			children = (
				6AFE29E222D045B100C34202 /* PendingTableViewController.swift */,
			);
			path = "Pending & CheckIn";
			sourceTree = "<group>";
		};
		96FBCE03554C20A4AA10CE49 /* Frameworks */ = {
			isa = PBXGroup;
			children = (
				1FBB531922F82A100010EC5C /* FBSDKLoginKit.framework */,
				1FBB531722F82A0A0010EC5C /* FBSDKCoreKit.framework */,
				E965DA1DEBFB9851642E2702 /* Pods_Ouro.framework */,
			);
			name = Frameworks;
			sourceTree = "<group>";
		};
		B42D4C95342368DE9F5B2480 /* Pods */ = {
			isa = PBXGroup;
			children = (
				26EBE3AD624F7D9D25E6668C /* Pods-Ouro.debug.xcconfig */,
				FE09E1449AD2BECE6FEE100D /* Pods-Ouro.release.xcconfig */,
			);
			path = Pods;
			sourceTree = "<group>";
		};
/* End PBXGroup section */

/* Begin PBXNativeTarget section */
		6AC5E2B922764BD8001210B8 /* Ouro */ = {
			isa = PBXNativeTarget;
			buildConfigurationList = 6AC5E2CF22764BDA001210B8 /* Build configuration list for PBXNativeTarget "Ouro" */;
			buildPhases = (
				939C98222DF4A8341FADEF6D /* [CP] Check Pods Manifest.lock */,
				6AC5E2B622764BD8001210B8 /* Sources */,
				6AC5E2B722764BD8001210B8 /* Frameworks */,
				6AC5E2B822764BD8001210B8 /* Resources */,
				620E2822EDAE8929B1DB7004 /* [CP] Copy Pods Resources */,
				34E49B0AB2EFDD64CC0C7D19 /* [CP] Embed Pods Frameworks */,
			);
			buildRules = (
			);
			dependencies = (
			);
			name = Ouro;
			productName = "Ouro iOSApplication v1";
			productReference = 6AC5E2BA22764BD8001210B8 /* Ouro.app */;
			productType = "com.apple.product-type.application";
		};
/* End PBXNativeTarget section */

/* Begin PBXProject section */
		6AC5E2B222764BD8001210B8 /* Project object */ = {
			isa = PBXProject;
			attributes = {
				LastSwiftUpdateCheck = 1020;
				LastUpgradeCheck = 1020;
				ORGANIZATIONNAME = Ouro;
				TargetAttributes = {
					6AC5E2B922764BD8001210B8 = {
						CreatedOnToolsVersion = 10.2;
					};
				};
			};
			buildConfigurationList = 6AC5E2B522764BD8001210B8 /* Build configuration list for PBXProject "Ouro" */;
			compatibilityVersion = "Xcode 9.3";
			developmentRegion = en;
			hasScannedForEncodings = 0;
			knownRegions = (
				en,
				Base,
			);
			mainGroup = 6AC5E2B122764BD8001210B8;
			productRefGroup = 6AC5E2BB22764BD8001210B8 /* Products */;
			projectDirPath = "";
			projectRoot = "";
			targets = (
				6AC5E2B922764BD8001210B8 /* Ouro */,
			);
		};
/* End PBXProject section */

/* Begin PBXResourcesBuildPhase section */
		6AC5E2B822764BD8001210B8 /* Resources */ = {
			isa = PBXResourcesBuildPhase;
			buildActionMask = 2147483647;
			files = (
				6AC5E2CB22764BDA001210B8 /* LaunchScreen.storyboard in Resources */,
				6AC5E2C822764BDA001210B8 /* Assets.xcassets in Resources */,
				6AC5E2C322764BD8001210B8 /* Main.storyboard in Resources */,
				6A30EF8D227E57AF00874830 /* GoogleService-Info.plist in Resources */,
				1FDAC5D622FEA21400CD7DBB /* Restaurant.storyboard in Resources */,
			);
			runOnlyForDeploymentPostprocessing = 0;
		};
/* End PBXResourcesBuildPhase section */

/* Begin PBXShellScriptBuildPhase section */
		34E49B0AB2EFDD64CC0C7D19 /* [CP] Embed Pods Frameworks */ = {
			isa = PBXShellScriptBuildPhase;
			buildActionMask = 2147483647;
			files = (
			);
			inputFileListPaths = (
				"${PODS_ROOT}/Target Support Files/Pods-Ouro/Pods-Ouro-frameworks-${CONFIGURATION}-input-files.xcfilelist",
			);
			name = "[CP] Embed Pods Frameworks";
			outputFileListPaths = (
				"${PODS_ROOT}/Target Support Files/Pods-Ouro/Pods-Ouro-frameworks-${CONFIGURATION}-output-files.xcfilelist",
			);
			runOnlyForDeploymentPostprocessing = 0;
			shellPath = /bin/sh;
			shellScript = "\"${PODS_ROOT}/Target Support Files/Pods-Ouro/Pods-Ouro-frameworks.sh\"\n";
			showEnvVarsInLog = 0;
		};
		620E2822EDAE8929B1DB7004 /* [CP] Copy Pods Resources */ = {
			isa = PBXShellScriptBuildPhase;
			buildActionMask = 2147483647;
			files = (
			);
			inputFileListPaths = (
				"${PODS_ROOT}/Target Support Files/Pods-Ouro/Pods-Ouro-resources-${CONFIGURATION}-input-files.xcfilelist",
			);
			name = "[CP] Copy Pods Resources";
			outputFileListPaths = (
				"${PODS_ROOT}/Target Support Files/Pods-Ouro/Pods-Ouro-resources-${CONFIGURATION}-output-files.xcfilelist",
			);
			runOnlyForDeploymentPostprocessing = 0;
			shellPath = /bin/sh;
			shellScript = "\"${PODS_ROOT}/Target Support Files/Pods-Ouro/Pods-Ouro-resources.sh\"\n";
			showEnvVarsInLog = 0;
		};
		939C98222DF4A8341FADEF6D /* [CP] Check Pods Manifest.lock */ = {
			isa = PBXShellScriptBuildPhase;
			buildActionMask = 2147483647;
			files = (
			);
			inputFileListPaths = (
			);
			inputPaths = (
				"${PODS_PODFILE_DIR_PATH}/Podfile.lock",
				"${PODS_ROOT}/Manifest.lock",
			);
			name = "[CP] Check Pods Manifest.lock";
			outputFileListPaths = (
			);
			outputPaths = (
				"$(DERIVED_FILE_DIR)/Pods-Ouro-checkManifestLockResult.txt",
			);
			runOnlyForDeploymentPostprocessing = 0;
			shellPath = /bin/sh;
			shellScript = "diff \"${PODS_PODFILE_DIR_PATH}/Podfile.lock\" \"${PODS_ROOT}/Manifest.lock\" > /dev/null\nif [ $? != 0 ] ; then\n    # print error to STDERR\n    echo \"error: The sandbox is not in sync with the Podfile.lock. Run 'pod install' or update your CocoaPods installation.\" >&2\n    exit 1\nfi\n# This output is used by Xcode 'outputs' to avoid re-running this script phase.\necho \"SUCCESS\" > \"${SCRIPT_OUTPUT_FILE_0}\"\n";
			showEnvVarsInLog = 0;
		};
/* End PBXShellScriptBuildPhase section */

/* Begin PBXSourcesBuildPhase section */
		6AC5E2B622764BD8001210B8 /* Sources */ = {
			isa = PBXSourcesBuildPhase;
			buildActionMask = 2147483647;
			files = (
				6AD8A3DD2276774A00947D14 /* FriendsSelectionViewController.swift in Sources */,
				1FD4743B2302C3030016DD84 /* UpcomingTableViewCell.swift in Sources */,
				6AFE29E322D045B100C34202 /* PendingTableViewController.swift in Sources */,
				6A595B97227BB80D004BD03C /* GenerateViewController.swift in Sources */,
				6AC5E2C622764BD8001210B8 /* Ouro_iOSApplication_v1.xcdatamodeld in Sources */,
				6AFE29DF22D0446300C34202 /* ResultsViewController.swift in Sources */,
				1FDAC5D922FEA6A900CD7DBB /* RestaurantListSegmnetPagerVC.swift in Sources */,
				1FDAC5DD22FEA6F000CD7DBB /* UpcomingListVC.swift in Sources */,
				6A595B9C227BB8C7004BD03C /* RegistrationViewController.swift in Sources */,
				6AC5E2C022764BD8001210B8 /* MainScreenController.swift in Sources */,
				1FDAC5DB22FEA6DC00CD7DBB /* HistoryListVC.swift in Sources */,
				1FD474392302AFD10016DD84 /* HistroryTableViewCell.swift in Sources */,
				6AD8A3E722768AEB00947D14 /* PreferencesViewController.swift in Sources */,
				6AC5E2BE22764BD8001210B8 /* AppDelegate.swift in Sources */,
				6AD8A3DA227676DF00947D14 /* FriendsCollectionViewCell.swift in Sources */,
				6AD8A3E42276897E00947D14 /* ParametersViewController.swift in Sources */,
				6A595B9A227BB8B8004BD03C /* LoginViewController.swift in Sources */,
				6AD8A3D622766C6800947D14 /* popUpGroupSelection.swift in Sources */,
			);
			runOnlyForDeploymentPostprocessing = 0;
		};
/* End PBXSourcesBuildPhase section */

/* Begin PBXVariantGroup section */
		6AC5E2C122764BD8001210B8 /* Main.storyboard */ = {
			isa = PBXVariantGroup;
			children = (
				6AC5E2C222764BD8001210B8 /* Base */,
			);
			name = Main.storyboard;
			sourceTree = "<group>";
		};
		6AC5E2C922764BDA001210B8 /* LaunchScreen.storyboard */ = {
			isa = PBXVariantGroup;
			children = (
				6AC5E2CA22764BDA001210B8 /* Base */,
			);
			name = LaunchScreen.storyboard;
			sourceTree = "<group>";
		};
/* End PBXVariantGroup section */

/* Begin XCBuildConfiguration section */
		6AC5E2CD22764BDA001210B8 /* Debug */ = {
			isa = XCBuildConfiguration;
			buildSettings = {
				ALWAYS_SEARCH_USER_PATHS = NO;
				CLANG_ANALYZER_NONNULL = YES;
				CLANG_ANALYZER_NUMBER_OBJECT_CONVERSION = YES_AGGRESSIVE;
				CLANG_CXX_LANGUAGE_STANDARD = "gnu++14";
				CLANG_CXX_LIBRARY = "libc++";
				CLANG_ENABLE_MODULES = YES;
				CLANG_ENABLE_OBJC_ARC = YES;
				CLANG_ENABLE_OBJC_WEAK = YES;
				CLANG_WARN_BLOCK_CAPTURE_AUTORELEASING = YES;
				CLANG_WARN_BOOL_CONVERSION = YES;
				CLANG_WARN_COMMA = YES;
				CLANG_WARN_CONSTANT_CONVERSION = YES;
				CLANG_WARN_DEPRECATED_OBJC_IMPLEMENTATIONS = YES;
				CLANG_WARN_DIRECT_OBJC_ISA_USAGE = YES_ERROR;
				CLANG_WARN_DOCUMENTATION_COMMENTS = YES;
				CLANG_WARN_EMPTY_BODY = YES;
				CLANG_WARN_ENUM_CONVERSION = YES;
				CLANG_WARN_INFINITE_RECURSION = YES;
				CLANG_WARN_INT_CONVERSION = YES;
				CLANG_WARN_NON_LITERAL_NULL_CONVERSION = YES;
				CLANG_WARN_OBJC_IMPLICIT_RETAIN_SELF = YES;
				CLANG_WARN_OBJC_LITERAL_CONVERSION = YES;
				CLANG_WARN_OBJC_ROOT_CLASS = YES_ERROR;
				CLANG_WARN_RANGE_LOOP_ANALYSIS = YES;
				CLANG_WARN_STRICT_PROTOTYPES = YES;
				CLANG_WARN_SUSPICIOUS_MOVE = YES;
				CLANG_WARN_UNGUARDED_AVAILABILITY = YES_AGGRESSIVE;
				CLANG_WARN_UNREACHABLE_CODE = YES;
				CLANG_WARN__DUPLICATE_METHOD_MATCH = YES;
				CODE_SIGN_IDENTITY = "iPhone Developer";
				COPY_PHASE_STRIP = NO;
				DEBUG_INFORMATION_FORMAT = dwarf;
				ENABLE_STRICT_OBJC_MSGSEND = YES;
				ENABLE_TESTABILITY = YES;
				GCC_C_LANGUAGE_STANDARD = gnu11;
				GCC_DYNAMIC_NO_PIC = NO;
				GCC_NO_COMMON_BLOCKS = YES;
				GCC_OPTIMIZATION_LEVEL = 0;
				GCC_PREPROCESSOR_DEFINITIONS = (
					"DEBUG=1",
					"$(inherited)",
				);
				GCC_WARN_64_TO_32_BIT_CONVERSION = YES;
				GCC_WARN_ABOUT_RETURN_TYPE = YES_ERROR;
				GCC_WARN_UNDECLARED_SELECTOR = YES;
				GCC_WARN_UNINITIALIZED_AUTOS = YES_AGGRESSIVE;
				GCC_WARN_UNUSED_FUNCTION = YES;
				GCC_WARN_UNUSED_VARIABLE = YES;
				IPHONEOS_DEPLOYMENT_TARGET = 12.2;
				MTL_ENABLE_DEBUG_INFO = INCLUDE_SOURCE;
				MTL_FAST_MATH = YES;
				ONLY_ACTIVE_ARCH = YES;
				OTHER_LDFLAGS = "";
				SDKROOT = iphoneos;
				SWIFT_ACTIVE_COMPILATION_CONDITIONS = DEBUG;
				SWIFT_OPTIMIZATION_LEVEL = "-Onone";
			};
			name = Debug;
		};
		6AC5E2CE22764BDA001210B8 /* Release */ = {
			isa = XCBuildConfiguration;
			buildSettings = {
				ALWAYS_SEARCH_USER_PATHS = NO;
				CLANG_ANALYZER_NONNULL = YES;
				CLANG_ANALYZER_NUMBER_OBJECT_CONVERSION = YES_AGGRESSIVE;
				CLANG_CXX_LANGUAGE_STANDARD = "gnu++14";
				CLANG_CXX_LIBRARY = "libc++";
				CLANG_ENABLE_MODULES = YES;
				CLANG_ENABLE_OBJC_ARC = YES;
				CLANG_ENABLE_OBJC_WEAK = YES;
				CLANG_WARN_BLOCK_CAPTURE_AUTORELEASING = YES;
				CLANG_WARN_BOOL_CONVERSION = YES;
				CLANG_WARN_COMMA = YES;
				CLANG_WARN_CONSTANT_CONVERSION = YES;
				CLANG_WARN_DEPRECATED_OBJC_IMPLEMENTATIONS = YES;
				CLANG_WARN_DIRECT_OBJC_ISA_USAGE = YES_ERROR;
				CLANG_WARN_DOCUMENTATION_COMMENTS = YES;
				CLANG_WARN_EMPTY_BODY = YES;
				CLANG_WARN_ENUM_CONVERSION = YES;
				CLANG_WARN_INFINITE_RECURSION = YES;
				CLANG_WARN_INT_CONVERSION = YES;
				CLANG_WARN_NON_LITERAL_NULL_CONVERSION = YES;
				CLANG_WARN_OBJC_IMPLICIT_RETAIN_SELF = YES;
				CLANG_WARN_OBJC_LITERAL_CONVERSION = YES;
				CLANG_WARN_OBJC_ROOT_CLASS = YES_ERROR;
				CLANG_WARN_RANGE_LOOP_ANALYSIS = YES;
				CLANG_WARN_STRICT_PROTOTYPES = YES;
				CLANG_WARN_SUSPICIOUS_MOVE = YES;
				CLANG_WARN_UNGUARDED_AVAILABILITY = YES_AGGRESSIVE;
				CLANG_WARN_UNREACHABLE_CODE = YES;
				CLANG_WARN__DUPLICATE_METHOD_MATCH = YES;
				CODE_SIGN_IDENTITY = "iPhone Developer";
				COPY_PHASE_STRIP = NO;
				DEBUG_INFORMATION_FORMAT = "dwarf-with-dsym";
				ENABLE_NS_ASSERTIONS = NO;
				ENABLE_STRICT_OBJC_MSGSEND = YES;
				GCC_C_LANGUAGE_STANDARD = gnu11;
				GCC_NO_COMMON_BLOCKS = YES;
				GCC_WARN_64_TO_32_BIT_CONVERSION = YES;
				GCC_WARN_ABOUT_RETURN_TYPE = YES_ERROR;
				GCC_WARN_UNDECLARED_SELECTOR = YES;
				GCC_WARN_UNINITIALIZED_AUTOS = YES_AGGRESSIVE;
				GCC_WARN_UNUSED_FUNCTION = YES;
				GCC_WARN_UNUSED_VARIABLE = YES;
				IPHONEOS_DEPLOYMENT_TARGET = 12.2;
				MTL_ENABLE_DEBUG_INFO = NO;
				MTL_FAST_MATH = YES;
				OTHER_LDFLAGS = "";
				SDKROOT = iphoneos;
				SWIFT_COMPILATION_MODE = wholemodule;
				SWIFT_OPTIMIZATION_LEVEL = "-O";
				VALIDATE_PRODUCT = YES;
			};
			name = Release;
		};
		6AC5E2D022764BDA001210B8 /* Debug */ = {
			isa = XCBuildConfiguration;
			baseConfigurationReference = 26EBE3AD624F7D9D25E6668C /* Pods-Ouro.debug.xcconfig */;
			buildSettings = {
				ASSETCATALOG_COMPILER_APPICON_NAME = AppIcon;
				CODE_SIGN_STYLE = Manual;
				DEVELOPMENT_TEAM = 8RLPUVRB9E;
				INFOPLIST_FILE = Ouro/Model/Info.plist;
				IPHONEOS_DEPLOYMENT_TARGET = 12.0;
				LD_RUNPATH_SEARCH_PATHS = (
					"$(inherited)",
					"@executable_path/Frameworks",
				);
				PRODUCT_BUNDLE_IDENTIFIER = Ouro.Developmentv1;
				PRODUCT_NAME = "$(TARGET_NAME)";
				PROVISIONING_PROFILE_SPECIFIER = "WildCard Dev";
				SWIFT_VERSION = 4.2;
				TARGETED_DEVICE_FAMILY = "1,2";
			};
			name = Debug;
		};
		6AC5E2D122764BDA001210B8 /* Release */ = {
			isa = XCBuildConfiguration;
			baseConfigurationReference = FE09E1449AD2BECE6FEE100D /* Pods-Ouro.release.xcconfig */;
			buildSettings = {
				ASSETCATALOG_COMPILER_APPICON_NAME = AppIcon;
				CODE_SIGN_STYLE = Manual;
				DEVELOPMENT_TEAM = "";
				INFOPLIST_FILE = Ouro/Model/Info.plist;
				IPHONEOS_DEPLOYMENT_TARGET = 12.0;
				LD_RUNPATH_SEARCH_PATHS = (
					"$(inherited)",
					"@executable_path/Frameworks",
				);
				PRODUCT_BUNDLE_IDENTIFIER = Ouro.Developmentv1;
				PRODUCT_NAME = "$(TARGET_NAME)";
				PROVISIONING_PROFILE_SPECIFIER = "";
				SWIFT_VERSION = 4.2;
				TARGETED_DEVICE_FAMILY = "1,2";
			};
			name = Release;
		};
/* End XCBuildConfiguration section */

/* Begin XCConfigurationList section */
		6AC5E2B522764BD8001210B8 /* Build configuration list for PBXProject "Ouro" */ = {
			isa = XCConfigurationList;
			buildConfigurations = (
				6AC5E2CD22764BDA001210B8 /* Debug */,
				6AC5E2CE22764BDA001210B8 /* Release */,
			);
			defaultConfigurationIsVisible = 0;
			defaultConfigurationName = Release;
		};
		6AC5E2CF22764BDA001210B8 /* Build configuration list for PBXNativeTarget "Ouro" */ = {
			isa = XCConfigurationList;
			buildConfigurations = (
				6AC5E2D022764BDA001210B8 /* Debug */,
				6AC5E2D122764BDA001210B8 /* Release */,
			);
			defaultConfigurationIsVisible = 0;
			defaultConfigurationName = Release;
		};
/* End XCConfigurationList section */

/* Begin XCVersionGroup section */
		6AC5E2C422764BD8001210B8 /* Ouro_iOSApplication_v1.xcdatamodeld */ = {
			isa = XCVersionGroup;
			children = (
				6AC5E2C522764BD8001210B8 /* Ouro_iOSApplication_v1.xcdatamodel */,
			);
			currentVersion = 6AC5E2C522764BD8001210B8 /* Ouro_iOSApplication_v1.xcdatamodel */;
			path = Ouro_iOSApplication_v1.xcdatamodeld;
			sourceTree = "<group>";
			versionGroupType = wrapper.xcdatamodel;
		};
/* End XCVersionGroup section */
	};
	rootObject = 6AC5E2B222764BD8001210B8 /* Project object */;
}
